
Microsoft Visual Studio Solution File, Format Version 12.00
# Visual Studio Version 17
VisualStudioVersion = 17.6.33815.320
MinimumVisualStudioVersion = 10.0.40219.1
Project("{9A19103F-16F7-4668-BE54-9A1E7A4F7556}") = "StoreKeeper", "StoreKeeper.csproj", "{29681B82-53D3-42B7-A7A1-F63FAB8E5393}"
EndProject
Global
	GlobalSection(SolutionConfigurationPlatforms) = preSolution
		Debug|Any CPU = Debug|Any CPU
		Release|Any CPU = Release|Any CPU
	EndGlobalSection
	GlobalSection(ProjectConfigurationPlatforms) = postSolution
		{29681B82-53D3-42B7-A7A1-F63FAB8E5393}.Debug|Any CPU.ActiveCfg = Debug|Any CPU
		{29681B82-53D3-42B7-A7A1-F63FAB8E5393}.Debug|Any CPU.Build.0 = Debug|Any CPU
		{29681B82-53D3-42B7-A7A1-F63FAB8E5393}.Release|Any CPU.ActiveCfg = Release|Any CPU
		{29681B82-53D3-42B7-A7A1-F63FAB8E5393}.Release|Any CPU.Build.0 = Release|Any CPU
	EndGlobalSection
	GlobalSection(SolutionProperties) = preSolution
		HideSolutionNode = FALSE
	EndGlobalSection
	GlobalSection(ExtensibilityGlobals) = postSolution
		SolutionGuid = {C50BEB99-B518-4D41-ABFD-1B9443206BEC}
	EndGlobalSection
EndGlobal
